
Microsoft Visual Studio Solution File, Format Version 12.00
# Visual Studio Version 17
VisualStudioVersion = 17.6.33801.468
MinimumVisualStudioVersion = 10.0.40219.1
Project("{FAE04EC0-301F-11D3-BF4B-00C04F79EFBC}") = "test", "test.csproj", "{8864FC1E-5126-4E9E-A427-5E7596476BCD}"
EndProject
Global
	GlobalSection(SolutionConfigurationPlatforms) = preSolution
		Debug|Any CPU = Debug|Any CPU
		Release|Any CPU = Release|Any CPU
	EndGlobalSection
	GlobalSection(ProjectConfigurationPlatforms) = postSolution
		{8864FC1E-5126-4E9E-A427-5E7596476BCD}.Debug|Any CPU.ActiveCfg = Debug|Any CPU
		{8864FC1E-5126-4E9E-A427-5E7596476BCD}.Debug|Any CPU.Build.0 = Debug|Any CPU
		{8864FC1E-5126-4E9E-A427-5E7596476BCD}.Release|Any CPU.ActiveCfg = Release|Any CPU
		{8864FC1E-5126-4E9E-A427-5E7596476BCD}.Release|Any CPU.Build.0 = Release|Any CPU
	EndGlobalSection
	GlobalSection(SolutionProperties) = preSolution
		HideSolutionNode = FALSE
	EndGlobalSection
	GlobalSection(ExtensibilityGlobals) = postSolution
		SolutionGuid = {2E5F8CEA-DAA2-468D-98C4-D77C33A0A75C}
	EndGlobalSection
EndGlobal
